// !$*UTF8*$!
{
	archiveVersion = 1;
	classes = {
	};
	objectVersion = 46;
	objects = {

/* Begin PBXBuildFile section */
		694418701C8E43D700CFF866 /* AppDelegate.swift in Sources */ = {isa = PBXBuildFile; fileRef = 6944186F1C8E43D700CFF866 /* AppDelegate.swift */; };
		694418721C8E43D700CFF866 /* ViewController.swift in Sources */ = {isa = PBXBuildFile; fileRef = 694418711C8E43D700CFF866 /* ViewController.swift */; };
		694418751C8E43D700CFF866 /* Main.storyboard in Resources */ = {isa = PBXBuildFile; fileRef = 694418731C8E43D700CFF866 /* Main.storyboard */; };
		694418771C8E43D700CFF866 /* Assets.xcassets in Resources */ = {isa = PBXBuildFile; fileRef = 694418761C8E43D700CFF866 /* Assets.xcassets */; };
		6944187A1C8E43D700CFF866 /* LaunchScreen.storyboard in Resources */ = {isa = PBXBuildFile; fileRef = 694418781C8E43D700CFF866 /* LaunchScreen.storyboard */; };
		694418851C8E43D700CFF866 /* WeAllCodeTests.swift in Sources */ = {isa = PBXBuildFile; fileRef = 694418841C8E43D700CFF866 /* WeAllCodeTests.swift */; };
		694418901C8E43D700CFF866 /* WeAllCodeUITests.swift in Sources */ = {isa = PBXBuildFile; fileRef = 6944188F1C8E43D700CFF866 /* WeAllCodeUITests.swift */; };
		694418A21C8E458400CFF866 /* logo3.png in Resources */ = {isa = PBXBuildFile; fileRef = 694418A11C8E458400CFF866 /* logo3.png */; };
/* End PBXBuildFile section */

/* Begin PBXContainerItemProxy section */
		694418811C8E43D700CFF866 /* PBXContainerItemProxy */ = {
			isa = PBXContainerItemProxy;
			containerPortal = 694418641C8E43D700CFF866 /* Project object */;
			proxyType = 1;
			remoteGlobalIDString = 6944186B1C8E43D700CFF866;
			remoteInfo = WeAllCode;
		};
		6944188C1C8E43D700CFF866 /* PBXContainerItemProxy */ = {
			isa = PBXContainerItemProxy;
			containerPortal = 694418641C8E43D700CFF866 /* Project object */;
			proxyType = 1;
			remoteGlobalIDString = 6944186B1C8E43D700CFF866;
			remoteInfo = WeAllCode;
		};
/* End PBXContainerItemProxy section */

/* Begin PBXFileReference section */
		6944186C1C8E43D700CFF866 /* WeAllCode.app */ = {isa = PBXFileReference; explicitFileType = wrapper.application; includeInIndex = 0; path = WeAllCode.app; sourceTree = BUILT_PRODUCTS_DIR; };
		6944186F1C8E43D700CFF866 /* AppDelegate.swift */ = {isa = PBXFileReference; lastKnownFileType = sourcecode.swift; path = AppDelegate.swift; sourceTree = "<group>"; };
		694418711C8E43D700CFF866 /* ViewController.swift */ = {isa = PBXFileReference; lastKnownFileType = sourcecode.swift; path = ViewController.swift; sourceTree = "<group>"; };
		694418741C8E43D700CFF866 /* Base */ = {isa = PBXFileReference; lastKnownFileType = file.storyboard; name = Base; path = Base.lproj/Main.storyboard; sourceTree = "<group>"; };
		694418761C8E43D700CFF866 /* Assets.xcassets */ = {isa = PBXFileReference; lastKnownFileType = folder.assetcatalog; path = Assets.xcassets; sourceTree = "<group>"; };
		694418791C8E43D700CFF866 /* Base */ = {isa = PBXFileReference; lastKnownFileType = file.storyboard; name = Base; path = Base.lproj/LaunchScreen.storyboard; sourceTree = "<group>"; };
		6944187B1C8E43D700CFF866 /* Info.plist */ = {isa = PBXFileReference; lastKnownFileType = text.plist.xml; path = Info.plist; sourceTree = "<group>"; };
		694418801C8E43D700CFF866 /* WeAllCodeTests.xctest */ = {isa = PBXFileReference; explicitFileType = wrapper.cfbundle; includeInIndex = 0; path = WeAllCodeTests.xctest; sourceTree = BUILT_PRODUCTS_DIR; };
		694418841C8E43D700CFF866 /* WeAllCodeTests.swift */ = {isa = PBXFileReference; lastKnownFileType = sourcecode.swift; path = WeAllCodeTests.swift; sourceTree = "<group>"; };
		694418861C8E43D700CFF866 /* Info.plist */ = {isa = PBXFileReference; lastKnownFileType = text.plist.xml; path = Info.plist; sourceTree = "<group>"; };
		6944188B1C8E43D700CFF866 /* WeAllCodeUITests.xctest */ = {isa = PBXFileReference; explicitFileType = wrapper.cfbundle; includeInIndex = 0; path = WeAllCodeUITests.xctest; sourceTree = BUILT_PRODUCTS_DIR; };
		6944188F1C8E43D700CFF866 /* WeAllCodeUITests.swift */ = {isa = PBXFileReference; lastKnownFileType = sourcecode.swift; path = WeAllCodeUITests.swift; sourceTree = "<group>"; };
		694418911C8E43D700CFF866 /* Info.plist */ = {isa = PBXFileReference; lastKnownFileType = text.plist.xml; path = Info.plist; sourceTree = "<group>"; };
		694418A11C8E458400CFF866 /* logo3.png */ = {isa = PBXFileReference; lastKnownFileType = image.png; path = logo3.png; sourceTree = "<group>"; };
/* End PBXFileReference section */

/* Begin PBXFrameworksBuildPhase section */
		694418691C8E43D700CFF866 /* Frameworks */ = {
			isa = PBXFrameworksBuildPhase;
			buildActionMask = 2147483647;
			files = (
			);
			runOnlyForDeploymentPostprocessing = 0;
		};
		6944187D1C8E43D700CFF866 /* Frameworks */ = {
			isa = PBXFrameworksBuildPhase;
			buildActionMask = 2147483647;
			files = (
			);
			runOnlyForDeploymentPostprocessing = 0;
		};
		694418881C8E43D700CFF866 /* Frameworks */ = {
			isa = PBXFrameworksBuildPhase;
			buildActionMask = 2147483647;
			files = (
			);
			runOnlyForDeploymentPostprocessing = 0;
		};
/* End PBXFrameworksBuildPhase section */

/* Begin PBXGroup section */
		694418631C8E43D700CFF866 = {
			isa = PBXGroup;
			children = (
				6944189F1C8E453400CFF866 /* Resources */,
				6944186E1C8E43D700CFF866 /* WeAllCode */,
				694418831C8E43D700CFF866 /* WeAllCodeTests */,
				6944188E1C8E43D700CFF866 /* WeAllCodeUITests */,
				6944186D1C8E43D700CFF866 /* Products */,
			);
			sourceTree = "<group>";
		};
		6944186D1C8E43D700CFF866 /* Products */ = {
			isa = PBXGroup;
			children = (
				6944186C1C8E43D700CFF866 /* WeAllCode.app */,
				694418801C8E43D700CFF866 /* WeAllCodeTests.xctest */,
				6944188B1C8E43D700CFF866 /* WeAllCodeUITests.xctest */,
			);
			name = Products;
			sourceTree = "<group>";
		};
		6944186E1C8E43D700CFF866 /* WeAllCode */ = {
			isa = PBXGroup;
			children = (
				6944186F1C8E43D700CFF866 /* AppDelegate.swift */,
				694418711C8E43D700CFF866 /* ViewController.swift */,
				694418731C8E43D700CFF866 /* Main.storyboard */,
				694418761C8E43D700CFF866 /* Assets.xcassets */,
				694418781C8E43D700CFF866 /* LaunchScreen.storyboard */,
				6944187B1C8E43D700CFF866 /* Info.plist */,
			);
			path = WeAllCode;
			sourceTree = "<group>";
		};
		694418831C8E43D700CFF866 /* WeAllCodeTests */ = {
			isa = PBXGroup;
			children = (
				694418841C8E43D700CFF866 /* WeAllCodeTests.swift */,
				694418861C8E43D700CFF866 /* Info.plist */,
			);
			path = WeAllCodeTests;
			sourceTree = "<group>";
		};
		6944188E1C8E43D700CFF866 /* WeAllCodeUITests */ = {
			isa = PBXGroup;
			children = (
				6944188F1C8E43D700CFF866 /* WeAllCodeUITests.swift */,
				694418911C8E43D700CFF866 /* Info.plist */,
			);
			path = WeAllCodeUITests;
			sourceTree = "<group>";
		};
		6944189F1C8E453400CFF866 /* Resources */ = {
			isa = PBXGroup;
			children = (
				694418A01C8E454600CFF866 /* Images */,
			);
			name = Resources;
			sourceTree = "<group>";
		};
		694418A01C8E454600CFF866 /* Images */ = {
			isa = PBXGroup;
			children = (
				694418A11C8E458400CFF866 /* logo3.png */,
			);
			name = Images;
			sourceTree = "<group>";
		};
/* End PBXGroup section */

/* Begin PBXNativeTarget section */
		6944186B1C8E43D700CFF866 /* WeAllCode */ = {
			isa = PBXNativeTarget;
			buildConfigurationList = 694418941C8E43D700CFF866 /* Build configuration list for PBXNativeTarget "WeAllCode" */;
			buildPhases = (
				694418681C8E43D700CFF866 /* Sources */,
				694418691C8E43D700CFF866 /* Frameworks */,
				6944186A1C8E43D700CFF866 /* Resources */,
			);
			buildRules = (
			);
			dependencies = (
			);
			name = WeAllCode;
			productName = WeAllCode;
			productReference = 6944186C1C8E43D700CFF866 /* WeAllCode.app */;
			productType = "com.apple.product-type.application";
		};
		6944187F1C8E43D700CFF866 /* WeAllCodeTests */ = {
			isa = PBXNativeTarget;
			buildConfigurationList = 694418971C8E43D700CFF866 /* Build configuration list for PBXNativeTarget "WeAllCodeTests" */;
			buildPhases = (
				6944187C1C8E43D700CFF866 /* Sources */,
				6944187D1C8E43D700CFF866 /* Frameworks */,
				6944187E1C8E43D700CFF866 /* Resources */,
			);
			buildRules = (
			);
			dependencies = (
				694418821C8E43D700CFF866 /* PBXTargetDependency */,
			);
			name = WeAllCodeTests;
			productName = WeAllCodeTests;
			productReference = 694418801C8E43D700CFF866 /* WeAllCodeTests.xctest */;
			productType = "com.apple.product-type.bundle.unit-test";
		};
		6944188A1C8E43D700CFF866 /* WeAllCodeUITests */ = {
			isa = PBXNativeTarget;
			buildConfigurationList = 6944189A1C8E43D700CFF866 /* Build configuration list for PBXNativeTarget "WeAllCodeUITests" */;
			buildPhases = (
				694418871C8E43D700CFF866 /* Sources */,
				694418881C8E43D700CFF866 /* Frameworks */,
				694418891C8E43D700CFF866 /* Resources */,
			);
			buildRules = (
			);
			dependencies = (
				6944188D1C8E43D700CFF866 /* PBXTargetDependency */,
			);
			name = WeAllCodeUITests;
			productName = WeAllCodeUITests;
			productReference = 6944188B1C8E43D700CFF866 /* WeAllCodeUITests.xctest */;
			productType = "com.apple.product-type.bundle.ui-testing";
		};
/* End PBXNativeTarget section */

/* Begin PBXProject section */
		694418641C8E43D700CFF866 /* Project object */ = {
			isa = PBXProject;
			attributes = {
				LastSwiftUpdateCheck = 0720;
				LastUpgradeCheck = 0720;
				ORGANIZATIONNAME = "Wesley Coomber";
				TargetAttributes = {
					6944186B1C8E43D700CFF866 = {
						CreatedOnToolsVersion = 7.2.1;
					};
					6944187F1C8E43D700CFF866 = {
						CreatedOnToolsVersion = 7.2.1;
						TestTargetID = 6944186B1C8E43D700CFF866;
					};
					6944188A1C8E43D700CFF866 = {
						CreatedOnToolsVersion = 7.2.1;
						TestTargetID = 6944186B1C8E43D700CFF866;
					};
				};
			};
			buildConfigurationList = 694418671C8E43D700CFF866 /* Build configuration list for PBXProject "WeAllCode" */;
			compatibilityVersion = "Xcode 3.2";
			developmentRegion = English;
			hasScannedForEncodings = 0;
			knownRegions = (
				en,
				Base,
			);
			mainGroup = 694418631C8E43D700CFF866;
			productRefGroup = 6944186D1C8E43D700CFF866 /* Products */;
			projectDirPath = "";
			projectRoot = "";
			targets = (
				6944186B1C8E43D700CFF866 /* WeAllCode */,
				6944187F1C8E43D700CFF866 /* WeAllCodeTests */,
				6944188A1C8E43D700CFF866 /* WeAllCodeUITests */,
			);
		};
/* End PBXProject section */

/* Begin PBXResourcesBuildPhase section */
		6944186A1C8E43D700CFF866 /* Resources */ = {
			isa = PBXResourcesBuildPhase;
			buildActionMask = 2147483647;
			files = (
				694418A21C8E458400CFF866 /* logo3.png in Resources */,
				6944187A1C8E43D700CFF866 /* LaunchScreen.storyboard in Resources */,
				694418771C8E43D700CFF866 /* Assets.xcassets in Resources */,
				694418751C8E43D700CFF866 /* Main.storyboard in Resources */,
			);
			runOnlyForDeploymentPostprocessing = 0;
		};
		6944187E1C8E43D700CFF866 /* Resources */ = {
			isa = PBXResourcesBuildPhase;
			buildActionMask = 2147483647;
			files = (
			);
			runOnlyForDeploymentPostprocessing = 0;
		};
		694418891C8E43D700CFF866 /* Resources */ = {
			isa = PBXResourcesBuildPhase;
			buildActionMask = 2147483647;
			files = (
			);
			runOnlyForDeploymentPostprocessing = 0;
		};
/* End PBXResourcesBuildPhase section */

/* Begin PBXSourcesBuildPhase section */
		694418681C8E43D700CFF866 /* Sources */ = {
			isa = PBXSourcesBuildPhase;
			buildActionMask = 2147483647;
			files = (
				694418721C8E43D700CFF866 /* ViewController.swift in Sources */,
				694418701C8E43D700CFF866 /* AppDelegate.swift in Sources */,
			);
			runOnlyForDeploymentPostprocessing = 0;
		};
		6944187C1C8E43D700CFF866 /* Sources */ = {
			isa = PBXSourcesBuildPhase;
			buildActionMask = 2147483647;
			files = (
				694418851C8E43D700CFF866 /* WeAllCodeTests.swift in Sources */,
			);
			runOnlyForDeploymentPostprocessing = 0;
		};
		694418871C8E43D700CFF866 /* Sources */ = {
			isa = PBXSourcesBuildPhase;
			buildActionMask = 2147483647;
			files = (
				694418901C8E43D700CFF866 /* WeAllCodeUITests.swift in Sources */,
			);
			runOnlyForDeploymentPostprocessing = 0;
		};
/* End PBXSourcesBuildPhase section */

/* Begin PBXTargetDependency section */
		694418821C8E43D700CFF866 /* PBXTargetDependency */ = {
			isa = PBXTargetDependency;
			target = 6944186B1C8E43D700CFF866 /* WeAllCode */;
			targetProxy = 694418811C8E43D700CFF866 /* PBXContainerItemProxy */;
		};
		6944188D1C8E43D700CFF866 /* PBXTargetDependency */ = {
			isa = PBXTargetDependency;
			target = 6944186B1C8E43D700CFF866 /* WeAllCode */;
			targetProxy = 6944188C1C8E43D700CFF866 /* PBXContainerItemProxy */;
		};
/* End PBXTargetDependency section */

/* Begin PBXVariantGroup section */
		694418731C8E43D700CFF866 /* Main.storyboard */ = {
			isa = PBXVariantGroup;
			children = (
				694418741C8E43D700CFF866 /* Base */,
			);
			name = Main.storyboard;
			sourceTree = "<group>";
		};
		694418781C8E43D700CFF866 /* LaunchScreen.storyboard */ = {
			isa = PBXVariantGroup;
			children = (
				694418791C8E43D700CFF866 /* Base */,
			);
			name = LaunchScreen.storyboard;
			sourceTree = "<group>";
		};
/* End PBXVariantGroup section */

/* Begin XCBuildConfiguration section */
		694418921C8E43D700CFF866 /* Debug */ = {
			isa = XCBuildConfiguration;
			buildSettings = {
				ALWAYS_SEARCH_USER_PATHS = NO;
				CLANG_CXX_LANGUAGE_STANDARD = "gnu++0x";
				CLANG_CXX_LIBRARY = "libc++";
				CLANG_ENABLE_MODULES = YES;
				CLANG_ENABLE_OBJC_ARC = YES;
				CLANG_WARN_BOOL_CONVERSION = YES;
				CLANG_WARN_CONSTANT_CONVERSION = YES;
				CLANG_WARN_DIRECT_OBJC_ISA_USAGE = YES_ERROR;
				CLANG_WARN_EMPTY_BODY = YES;
				CLANG_WARN_ENUM_CONVERSION = YES;
				CLANG_WARN_INT_CONVERSION = YES;
				CLANG_WARN_OBJC_ROOT_CLASS = YES_ERROR;
				CLANG_WARN_UNREACHABLE_CODE = YES;
				CLANG_WARN__DUPLICATE_METHOD_MATCH = YES;
				"CODE_SIGN_IDENTITY[sdk=iphoneos*]" = "iPhone Developer";
				COPY_PHASE_STRIP = NO;
				DEBUG_INFORMATION_FORMAT = dwarf;
				ENABLE_STRICT_OBJC_MSGSEND = YES;
				ENABLE_TESTABILITY = YES;
				GCC_C_LANGUAGE_STANDARD = gnu99;
				GCC_DYNAMIC_NO_PIC = NO;
				GCC_NO_COMMON_BLOCKS = YES;
				GCC_OPTIMIZATION_LEVEL = 0;
				GCC_PREPROCESSOR_DEFINITIONS = (
					"DEBUG=1",
					"$(inherited)",
				);
				GCC_WARN_64_TO_32_BIT_CONVERSION = YES;
				GCC_WARN_ABOUT_RETURN_TYPE = YES_ERROR;
				GCC_WARN_UNDECLARED_SELECTOR = YES;
				GCC_WARN_UNINITIALIZED_AUTOS = YES_AGGRESSIVE;
				GCC_WARN_UNUSED_FUNCTION = YES;
				GCC_WARN_UNUSED_VARIABLE = YES;
				IPHONEOS_DEPLOYMENT_TARGET = 9.2;
				MTL_ENABLE_DEBUG_INFO = YES;
				ONLY_ACTIVE_ARCH = YES;
				SDKROOT = iphoneos;
				SWIFT_OPTIMIZATION_LEVEL = "-Onone";
				TARGETED_DEVICE_FAMILY = "1,2";
			};
			name = Debug;
		};
		694418931C8E43D700CFF866 /* Release */ = {
			isa = XCBuildConfiguration;
			buildSettings = {
				ALWAYS_SEARCH_USER_PATHS = NO;
				CLANG_CXX_LANGUAGE_STANDARD = "gnu++0x";
				CLANG_CXX_LIBRARY = "libc++";
				CLANG_ENABLE_MODULES = YES;
				CLANG_ENABLE_OBJC_ARC = YES;
				CLANG_WARN_BOOL_CONVERSION = YES;
				CLANG_WARN_CONSTANT_CONVERSION = YES;
				CLANG_WARN_DIRECT_OBJC_ISA_USAGE = YES_ERROR;
				CLANG_WARN_EMPTY_BODY = YES;
				CLANG_WARN_ENUM_CONVERSION = YES;
				CLANG_WARN_INT_CONVERSION = YES;
				CLANG_WARN_OBJC_ROOT_CLASS = YES_ERROR;
				CLANG_WARN_UNREACHABLE_CODE = YES;
				CLANG_WARN__DUPLICATE_METHOD_MATCH = YES;
				"CODE_SIGN_IDENTITY[sdk=iphoneos*]" = "iPhone Developer";
				COPY_PHASE_STRIP = NO;
				DEBUG_INFORMATION_FORMAT = "dwarf-with-dsym";
				ENABLE_NS_ASSERTIONS = NO;
				ENABLE_STRICT_OBJC_MSGSEND = YES;
				GCC_C_LANGUAGE_STANDARD = gnu99;
				GCC_NO_COMMON_BLOCKS = YES;
				GCC_WARN_64_TO_32_BIT_CONVERSION = YES;
				GCC_WARN_ABOUT_RETURN_TYPE = YES_ERROR;
				GCC_WARN_UNDECLARED_SELECTOR = YES;
				GCC_WARN_UNINITIALIZED_AUTOS = YES_AGGRESSIVE;
				GCC_WARN_UNUSED_FUNCTION = YES;
				GCC_WARN_UNUSED_VARIABLE = YES;
				IPHONEOS_DEPLOYMENT_TARGET = 9.2;
				MTL_ENABLE_DEBUG_INFO = NO;
				SDKROOT = iphoneos;
				TARGETED_DEVICE_FAMILY = "1,2";
				VALIDATE_PRODUCT = YES;
			};
			name = Release;
		};
		694418951C8E43D700CFF866 /* Debug */ = {
			isa = XCBuildConfiguration;
			buildSettings = {
				ASSETCATALOG_COMPILER_APPICON_NAME = AppIcon;
				INFOPLIST_FILE = WeAllCode/Info.plist;
				LD_RUNPATH_SEARCH_PATHS = "$(inherited) @executable_path/Frameworks";
				PRODUCT_BUNDLE_IDENTIFIER = edu.asu.bsse.wcoomber.WeAllCode;
				PRODUCT_NAME = "$(TARGET_NAME)";
			};
			name = Debug;
		};
		694418961C8E43D700CFF866 /* Release */ = {
			isa = XCBuildConfiguration;
			buildSettings = {
				ASSETCATALOG_COMPILER_APPICON_NAME = AppIcon;
				INFOPLIST_FILE = WeAllCode/Info.plist;
				LD_RUNPATH_SEARCH_PATHS = "$(inherited) @executable_path/Frameworks";
				PRODUCT_BUNDLE_IDENTIFIER = edu.asu.bsse.wcoomber.WeAllCode;
				PRODUCT_NAME = "$(TARGET_NAME)";
			};
			name = Release;
		};
		694418981C8E43D700CFF866 /* Debug */ = {
			isa = XCBuildConfiguration;
			buildSettings = {
				BUNDLE_LOADER = "$(TEST_HOST)";
				INFOPLIST_FILE = WeAllCodeTests/Info.plist;
				LD_RUNPATH_SEARCH_PATHS = "$(inherited) @executable_path/Frameworks @loader_path/Frameworks";
				PRODUCT_BUNDLE_IDENTIFIER = edu.asu.bsse.wcoomber.WeAllCodeTests;
				PRODUCT_NAME = "$(TARGET_NAME)";
				TEST_HOST = "$(BUILT_PRODUCTS_DIR)/WeAllCode.app/WeAllCode";
			};
			name = Debug;
		};
		694418991C8E43D700CFF866 /* Release */ = {
			isa = XCBuildConfiguration;
			buildSettings = {
				BUNDLE_LOADER = "$(TEST_HOST)";
				INFOPLIST_FILE = WeAllCodeTests/Info.plist;
				LD_RUNPATH_SEARCH_PATHS = "$(inherited) @executable_path/Frameworks @loader_path/Frameworks";
				PRODUCT_BUNDLE_IDENTIFIER = edu.asu.bsse.wcoomber.WeAllCodeTests;
				PRODUCT_NAME = "$(TARGET_NAME)";
				TEST_HOST = "$(BUILT_PRODUCTS_DIR)/WeAllCode.app/WeAllCode";
			};
			name = Release;
		};
		6944189B1C8E43D700CFF866 /* Debug */ = {
			isa = XCBuildConfiguration;
			buildSettings = {
				INFOPLIST_FILE = WeAllCodeUITests/Info.plist;
				LD_RUNPATH_SEARCH_PATHS = "$(inherited) @executable_path/Frameworks @loader_path/Frameworks";
				PRODUCT_BUNDLE_IDENTIFIER = edu.asu.bsse.wcoomber.WeAllCodeUITests;
				PRODUCT_NAME = "$(TARGET_NAME)";
				TEST_TARGET_NAME = WeAllCode;
				USES_XCTRUNNER = YES;
			};
			name = Debug;
		};
		6944189C1C8E43D700CFF866 /* Release */ = {
			isa = XCBuildConfiguration;
			buildSettings = {
				INFOPLIST_FILE = WeAllCodeUITests/Info.plist;
				LD_RUNPATH_SEARCH_PATHS = "$(inherited) @executable_path/Frameworks @loader_path/Frameworks";
				PRODUCT_BUNDLE_IDENTIFIER = edu.asu.bsse.wcoomber.WeAllCodeUITests;
				PRODUCT_NAME = "$(TARGET_NAME)";
				TEST_TARGET_NAME = WeAllCode;
				USES_XCTRUNNER = YES;
			};
			name = Release;
		};
/* End XCBuildConfiguration section */

/* Begin XCConfigurationList section */
		694418671C8E43D700CFF866 /* Build configuration list for PBXProject "WeAllCode" */ = {
			isa = XCConfigurationList;
			buildConfigurations = (
				694418921C8E43D700CFF866 /* Debug */,
				694418931C8E43D700CFF866 /* Release */,
			);
			defaultConfigurationIsVisible = 0;
			defaultConfigurationName = Release;
		};
		694418941C8E43D700CFF866 /* Build configuration list for PBXNativeTarget "WeAllCode" */ = {
			isa = XCConfigurationList;
			buildConfigurations = (
				694418951C8E43D700CFF866 /* Debug */,
				694418961C8E43D700CFF866 /* Release */,
			);
			defaultConfigurationIsVisible = 0;
		};
		694418971C8E43D700CFF866 /* Build configuration list for PBXNativeTarget "WeAllCodeTests" */ = {
			isa = XCConfigurationList;
			buildConfigurations = (
				694418981C8E43D700CFF866 /* Debug */,
				694418991C8E43D700CFF866 /* Release */,
			);
			defaultConfigurationIsVisible = 0;
		};
		6944189A1C8E43D700CFF866 /* Build configuration list for PBXNativeTarget "WeAllCodeUITests" */ = {
			isa = XCConfigurationList;
			buildConfigurations = (
				6944189B1C8E43D700CFF866 /* Debug */,
				6944189C1C8E43D700CFF866 /* Release */,
			);
			defaultConfigurationIsVisible = 0;
		};
/* End XCConfigurationList section */
	};
	rootObject = 694418641C8E43D700CFF866 /* Project object */;
}
